
Microsoft Visual Studio Solution File, Format Version 12.00
# Visual Studio Version 17
VisualStudioVersion = 17.11.35312.102
MinimumVisualStudioVersion = 10.0.40219.1
Project("{FAE04EC0-301F-11D3-BF4B-00C04F79EFBC}") = "OrdenarBurbuja", "OrdenarBurbuja\OrdenarBurbuja.csproj", "{08174262-1B1D-4354-B4D8-D3E70FB81D69}"
EndProject
Global
	GlobalSection(SolutionConfigurationPlatforms) = preSolution
		Debug|Any CPU = Debug|Any CPU
		Release|Any CPU = Release|Any CPU
	EndGlobalSection
	GlobalSection(ProjectConfigurationPlatforms) = postSolution
		{08174262-1B1D-4354-B4D8-D3E70FB81D69}.Debug|Any CPU.ActiveCfg = Debug|Any CPU
		{08174262-1B1D-4354-B4D8-D3E70FB81D69}.Debug|Any CPU.Build.0 = Debug|Any CPU
		{08174262-1B1D-4354-B4D8-D3E70FB81D69}.Release|Any CPU.ActiveCfg = Release|Any CPU
		{08174262-1B1D-4354-B4D8-D3E70FB81D69}.Release|Any CPU.Build.0 = Release|Any CPU
	EndGlobalSection
	GlobalSection(SolutionProperties) = preSolution
		HideSolutionNode = FALSE
	EndGlobalSection
	GlobalSection(ExtensibilityGlobals) = postSolution
		SolutionGuid = {F73E42F6-DB0E-4308-BAD3-DF9AD29D02BD}
	EndGlobalSection
EndGlobal
